
Microsoft Visual Studio Solution File, Format Version 12.00
# Visual Studio 14
VisualStudioVersion = 14.0.25420.1
MinimumVisualStudioVersion = 10.0.40219.1
Project("{FAE04EC0-301F-11D3-BF4B-00C04F79EFBC}") = "TextEditor", "TextEditor\TextEditor.csproj", "{18D6A8B4-78EE-4200-A91D-8BC28EB2CBD3}"
EndProject
Project("{FAE04EC0-301F-11D3-BF4B-00C04F79EFBC}") = "TextEditorDL", "TextEditorDL\TextEditorDL.csproj", "{0542874F-C694-49AC-9992-C4189A6F80D3}"
EndProject
Global
	GlobalSection(SolutionConfigurationPlatforms) = preSolution
		Debug|Any CPU = Debug|Any CPU
		Release|Any CPU = Release|Any CPU
	EndGlobalSection
	GlobalSection(ProjectConfigurationPlatforms) = postSolution
		{18D6A8B4-78EE-4200-A91D-8BC28EB2CBD3}.Debug|Any CPU.ActiveCfg = Debug|Any CPU
		{18D6A8B4-78EE-4200-A91D-8BC28EB2CBD3}.Debug|Any CPU.Build.0 = Debug|Any CPU
		{18D6A8B4-78EE-4200-A91D-8BC28EB2CBD3}.Release|Any CPU.ActiveCfg = Release|Any CPU
		{18D6A8B4-78EE-4200-A91D-8BC28EB2CBD3}.Release|Any CPU.Build.0 = Release|Any CPU
		{0542874F-C694-49AC-9992-C4189A6F80D3}.Debug|Any CPU.ActiveCfg = Debug|Any CPU
		{0542874F-C694-49AC-9992-C4189A6F80D3}.Debug|Any CPU.Build.0 = Debug|Any CPU
		{0542874F-C694-49AC-9992-C4189A6F80D3}.Release|Any CPU.ActiveCfg = Release|Any CPU
		{0542874F-C694-49AC-9992-C4189A6F80D3}.Release|Any CPU.Build.0 = Release|Any CPU
	EndGlobalSection
	GlobalSection(SolutionProperties) = preSolution
		HideSolutionNode = FALSE
	EndGlobalSection
EndGlobal
