
Microsoft Visual Studio Solution File, Format Version 12.00
# Visual Studio 14
VisualStudioVersion = 14.0.25420.1
MinimumVisualStudioVersion = 10.0.40219.1
Project("{A0786B88-2ADB-4C21-ABE8-AA2D79766269}") = "PHPWebProject1", "..\..\..\..\..\..\Users\Stranger\Documents\Git_Rep\HomeworkC-\PHPWebProject1\PHPWebProject1\PHPWebProject1.phpproj", "{1F00AA57-9999-4F2E-BD67-5D14A14DB625}"
EndProject
Global
	GlobalSection(SolutionConfigurationPlatforms) = preSolution
		Debug|Any CPU = Debug|Any CPU
		Release|Any CPU = Release|Any CPU
	EndGlobalSection
	GlobalSection(ProjectConfigurationPlatforms) = postSolution
		{1F00AA57-9999-4F2E-BD67-5D14A14DB625}.Debug|Any CPU.ActiveCfg = Debug|Any CPU
		{1F00AA57-9999-4F2E-BD67-5D14A14DB625}.Release|Any CPU.ActiveCfg = Release|Any CPU
	EndGlobalSection
	GlobalSection(SolutionProperties) = preSolution
		HideSolutionNode = FALSE
	EndGlobalSection
EndGlobal
